// !$*UTF8*$!
{
	archiveVersion = 1;
	classes = {
	};
	objectVersion = 51;
	objects = {

/* Begin PBXBuildFile section */
		2C0B9563224DEBE500792ADF /* String+Attributes.swift in Sources */ = {isa = PBXBuildFile; fileRef = 2C0B9562224DEBE500792ADF /* String+Attributes.swift */; };
		2C0B9567224DEC2100792ADF /* NSMutableAttributedString+Attributes.swift in Sources */ = {isa = PBXBuildFile; fileRef = 2C0B9566224DEC2100792ADF /* NSMutableAttributedString+Attributes.swift */; };
		2C0B956A224DEC8F00792ADF /* UIView+Constraints.swift in Sources */ = {isa = PBXBuildFile; fileRef = 2C0B9569224DEC8F00792ADF /* UIView+Constraints.swift */; };
		2C0B956C224DECA600792ADF /* String+Constants.swift in Sources */ = {isa = PBXBuildFile; fileRef = 2C0B956B224DECA600792ADF /* String+Constants.swift */; };
		2C0B956E224DEDBB00792ADF /* CALayer+Shadow.swift in Sources */ = {isa = PBXBuildFile; fileRef = 2C0B956D224DEDBB00792ADF /* CALayer+Shadow.swift */; };
		2C1C9D0B22AD902A00E3385B /* UIScrollView+Extensions.swift in Sources */ = {isa = PBXBuildFile; fileRef = 2C1C9D0A22AD902A00E3385B /* UIScrollView+Extensions.swift */; };
		2C2DC2C2229EFE2300E7AB3F /* WalletView.swift in Sources */ = {isa = PBXBuildFile; fileRef = 2C2DC2C1229EFE2300E7AB3F /* WalletView.swift */; };
		2C37E88F229C5E1200F7380F /* NSLayoutConstraint+Priority.swift in Sources */ = {isa = PBXBuildFile; fileRef = 2C37E88E229C5E1200F7380F /* NSLayoutConstraint+Priority.swift */; };
		2C37E891229C5F8E00F7380F /* TransactionsViewModel.swift in Sources */ = {isa = PBXBuildFile; fileRef = 2C37E890229C5F8E00F7380F /* TransactionsViewModel.swift */; };
		2C37E895229C610800F7380F /* TableDirector+Replace.swift in Sources */ = {isa = PBXBuildFile; fileRef = 2C37E894229C610800F7380F /* TableDirector+Replace.swift */; };
		2C37E898229C612500F7380F /* TableSection+Init.swift in Sources */ = {isa = PBXBuildFile; fileRef = 2C37E897229C612500F7380F /* TableSection+Init.swift */; };
		2C37E89B229C615300F7380F /* EmptyCell.swift in Sources */ = {isa = PBXBuildFile; fileRef = 2C37E89A229C615300F7380F /* EmptyCell.swift */; };
		2C37E89D229C619600F7380F /* EmptyRow.swift in Sources */ = {isa = PBXBuildFile; fileRef = 2C37E89C229C619600F7380F /* EmptyRow.swift */; };
		2C37E89F229C646F00F7380F /* UserView.swift in Sources */ = {isa = PBXBuildFile; fileRef = 2C37E89E229C646F00F7380F /* UserView.swift */; };
		2C37E8A1229C6CBC00F7380F /* BalanceView.swift in Sources */ = {isa = PBXBuildFile; fileRef = 2C37E8A0229C6CBC00F7380F /* BalanceView.swift */; };
		2C3CCB08224AAD6A00FF2D1A /* Quicksand-Bold.ttf in Resources */ = {isa = PBXBuildFile; fileRef = 2C3CCB04224AAD6A00FF2D1A /* Quicksand-Bold.ttf */; };
		2C3CCB09224AAD6A00FF2D1A /* Quicksand-Medium.ttf in Resources */ = {isa = PBXBuildFile; fileRef = 2C3CCB05224AAD6A00FF2D1A /* Quicksand-Medium.ttf */; };
		2C3CCB0A224AAD6A00FF2D1A /* Quicksand-Regular.ttf in Resources */ = {isa = PBXBuildFile; fileRef = 2C3CCB06224AAD6A00FF2D1A /* Quicksand-Regular.ttf */; };
		2C3CCB0B224AAD6A00FF2D1A /* Quicksand-Light.ttf in Resources */ = {isa = PBXBuildFile; fileRef = 2C3CCB07224AAD6A00FF2D1A /* Quicksand-Light.ttf */; };
		2C49D0AA229ACE3100685B4D /* UIApplication+SafeArea.swift in Sources */ = {isa = PBXBuildFile; fileRef = 2C49D0A9229ACE3100685B4D /* UIApplication+SafeArea.swift */; };
		2C49D0AE229AF2C800685B4D /* SectionHeaderCell.swift in Sources */ = {isa = PBXBuildFile; fileRef = 2C49D0AD229AF2C800685B4D /* SectionHeaderCell.swift */; };
		2C49D0B0229AF2D000685B4D /* SectionHeaderCellViewModel.swift in Sources */ = {isa = PBXBuildFile; fileRef = 2C49D0AF229AF2D000685B4D /* SectionHeaderCellViewModel.swift */; };
		2C49D0B3229AF96A00685B4D /* TransactionCell.swift in Sources */ = {isa = PBXBuildFile; fileRef = 2C49D0B2229AF96A00685B4D /* TransactionCell.swift */; };
		2C49D0B5229AF97700685B4D /* TransactionCellViewModel.swift in Sources */ = {isa = PBXBuildFile; fileRef = 2C49D0B4229AF97700685B4D /* TransactionCellViewModel.swift */; };
		2C49D0B8229AFFC400685B4D /* WalletsCell.swift in Sources */ = {isa = PBXBuildFile; fileRef = 2C49D0B7229AFFC400685B4D /* WalletsCell.swift */; };
		2C49D0BA229AFFCF00685B4D /* WalletsCellViewModel.swift in Sources */ = {isa = PBXBuildFile; fileRef = 2C49D0B9229AFFCF00685B4D /* WalletsCellViewModel.swift */; };
		2C49D0BC229B001300685B4D /* Wallet.swift in Sources */ = {isa = PBXBuildFile; fileRef = 2C49D0BB229B001300685B4D /* Wallet.swift */; };
		2C557CA622513D5D00525361 /* CurrencyView+Appearance.swift in Sources */ = {isa = PBXBuildFile; fileRef = 2C557CA522513D5D00525361 /* CurrencyView+Appearance.swift */; };
		2C557CA822513E8000525361 /* UIView+AddSubviews.swift in Sources */ = {isa = PBXBuildFile; fileRef = 2C557CA722513E8000525361 /* UIView+AddSubviews.swift */; };
		2C557CAC22513EFA00525361 /* UIFont+CustomFont.swift in Sources */ = {isa = PBXBuildFile; fileRef = 2C557CAB22513EFA00525361 /* UIFont+CustomFont.swift */; };
		2C557CAF22513F3000525361 /* UIFontWeight+Title.swift in Sources */ = {isa = PBXBuildFile; fileRef = 2C557CAE22513F3000525361 /* UIFontWeight+Title.swift */; };
		2C557CB322513F6300525361 /* CustomFont.swift in Sources */ = {isa = PBXBuildFile; fileRef = 2C557CB222513F6300525361 /* CustomFont.swift */; };
		2C557CB52251523600525361 /* CALayer+Layout.swift in Sources */ = {isa = PBXBuildFile; fileRef = 2C557CB42251523600525361 /* CALayer+Layout.swift */; };
		2C557CB8225152DC00525361 /* BoundsHolder.swift in Sources */ = {isa = PBXBuildFile; fileRef = 2C557CB7225152DC00525361 /* BoundsHolder.swift */; };
		2C557CBB2251535300525361 /* CAGradientLayer+Colors.swift in Sources */ = {isa = PBXBuildFile; fileRef = 2C557CBA2251535300525361 /* CAGradientLayer+Colors.swift */; };
		2C66EC2322A2ED2E00B85071 /* PathIconView.swift in Sources */ = {isa = PBXBuildFile; fileRef = 2C66EC2222A2ED2E00B85071 /* PathIconView.swift */; };
		2C66EC2722A2ED8700B85071 /* CGPath+Paths.swift in Sources */ = {isa = PBXBuildFile; fileRef = 2C66EC2622A2ED8700B85071 /* CGPath+Paths.swift */; };
		2C72099F22776EA800EF0ED4 /* CGFloat+Sign.swift in Sources */ = {isa = PBXBuildFile; fileRef = 2C72099E22776EA800EF0ED4 /* CGFloat+Sign.swift */; };
		2C7BB23322A43D440085E427 /* Themeable.swift in Sources */ = {isa = PBXBuildFile; fileRef = 2C7BB23222A43D440085E427 /* Themeable.swift */; };
		2C7BB23522A43D8A0085E427 /* ThemeManager.swift in Sources */ = {isa = PBXBuildFile; fileRef = 2C7BB23422A43D8A0085E427 /* ThemeManager.swift */; };
		2C7BB23722A43DB10085E427 /* Theme.swift in Sources */ = {isa = PBXBuildFile; fileRef = 2C7BB23622A43DB10085E427 /* Theme.swift */; };
		2C7BB23A22A43E230085E427 /* UserDefaults+Keys.swift in Sources */ = {isa = PBXBuildFile; fileRef = 2C7BB23922A43E230085E427 /* UserDefaults+Keys.swift */; };
		2C7BB23D22A43EB00085E427 /* NSNotification+Name.swift in Sources */ = {isa = PBXBuildFile; fileRef = 2C7BB23C22A43EB00085E427 /* NSNotification+Name.swift */; };
		2C897B50224941E2004523E3 /* AppDelegate.swift in Sources */ = {isa = PBXBuildFile; fileRef = 2C897B4F224941E2004523E3 /* AppDelegate.swift */; };
		2C897B57224941E4004523E3 /* Images.xcassets in Resources */ = {isa = PBXBuildFile; fileRef = 2C897B56224941E4004523E3 /* Images.xcassets */; };
		2C897B65224943CD004523E3 /* MainViewController.swift in Sources */ = {isa = PBXBuildFile; fileRef = 2C897B64224943CD004523E3 /* MainViewController.swift */; };
		2C897B6822494548004523E3 /* LaunchScreen.storyboard in Resources */ = {isa = PBXBuildFile; fileRef = 2C897B6722494547004523E3 /* LaunchScreen.storyboard */; };
		2C897B6C2249479F004523E3 /* CurrencyView.swift in Sources */ = {isa = PBXBuildFile; fileRef = 2C897B6B2249479F004523E3 /* CurrencyView.swift */; };
		2C897B6E22494866004523E3 /* BaseView.swift in Sources */ = {isa = PBXBuildFile; fileRef = 2C897B6D22494866004523E3 /* BaseView.swift */; };
		2C897B7322495366004523E3 /* CGColor+UIColor.swift in Sources */ = {isa = PBXBuildFile; fileRef = 2C897B7222495366004523E3 /* CGColor+UIColor.swift */; };
		2C897B772249550D004523E3 /* CALayer+AddSublayers.swift in Sources */ = {isa = PBXBuildFile; fileRef = 2C897B762249550D004523E3 /* CALayer+AddSublayers.swift */; };
		2C897B7B22495A22004523E3 /* UIColor+Hex.swift in Sources */ = {isa = PBXBuildFile; fileRef = 2C897B7A22495A22004523E3 /* UIColor+Hex.swift */; };
		2C97A1A822889DEA00FF3393 /* GradientView.swift in Sources */ = {isa = PBXBuildFile; fileRef = 2C97A1A722889DEA00FF3393 /* GradientView.swift */; };
		2CD12A53229AB32500C3C3A3 /* UIPanGestureRecognizer+Direction.swift in Sources */ = {isa = PBXBuildFile; fileRef = 2CD12A52229AB32500C3C3A3 /* UIPanGestureRecognizer+Direction.swift */; };
		2CDDAE53226F8592008EB265 /* BottomPanel.swift in Sources */ = {isa = PBXBuildFile; fileRef = 2CDDAE52226F8592008EB265 /* BottomPanel.swift */; };
		2CDEBBF3225290DB003BB3A3 /* TransactionsViewController.swift in Sources */ = {isa = PBXBuildFile; fileRef = 2CDEBBF2225290DB003BB3A3 /* TransactionsViewController.swift */; };
		2CEA5D5422AC353E0076D10E /* UIColor+Colors.swift in Sources */ = {isa = PBXBuildFile; fileRef = 2CEA5D5322AC353E0076D10E /* UIColor+Colors.swift */; };
		2CEA5D5622AC35590076D10E /* UIImage+Images.swift in Sources */ = {isa = PBXBuildFile; fileRef = 2CEA5D5522AC35590076D10E /* UIImage+Images.swift */; };
		2CEA5D5F22AC4D9D0076D10E /* DarkTheme.swift in Sources */ = {isa = PBXBuildFile; fileRef = 2CEA5D5E22AC4D9D0076D10E /* DarkTheme.swift */; };
		2CEA5D6122AC4DD60076D10E /* LightTheme.swift in Sources */ = {isa = PBXBuildFile; fileRef = 2CEA5D6022AC4DD60076D10E /* LightTheme.swift */; };
		2CECB8E222ABF23F0074C165 /* Colors.xcassets in Resources */ = {isa = PBXBuildFile; fileRef = 2CECB8E122ABF23F0074C165 /* Colors.xcassets */; };
		DDF87E2B25455B8F60E11524 /* Pods_ShotOne.framework in Frameworks */ = {isa = PBXBuildFile; fileRef = 5FB0176BFFF1F6CE487220A7 /* Pods_ShotOne.framework */; };
/* End PBXBuildFile section */

/* Begin PBXFileReference section */
		2C0B9562224DEBE500792ADF /* String+Attributes.swift */ = {isa = PBXFileReference; lastKnownFileType = sourcecode.swift; path = "String+Attributes.swift"; sourceTree = "<group>"; };
		2C0B9566224DEC2100792ADF /* NSMutableAttributedString+Attributes.swift */ = {isa = PBXFileReference; lastKnownFileType = sourcecode.swift; path = "NSMutableAttributedString+Attributes.swift"; sourceTree = "<group>"; };
		2C0B9569224DEC8F00792ADF /* UIView+Constraints.swift */ = {isa = PBXFileReference; lastKnownFileType = sourcecode.swift; path = "UIView+Constraints.swift"; sourceTree = "<group>"; };
		2C0B956B224DECA600792ADF /* String+Constants.swift */ = {isa = PBXFileReference; lastKnownFileType = sourcecode.swift; path = "String+Constants.swift"; sourceTree = "<group>"; };
		2C0B956D224DEDBB00792ADF /* CALayer+Shadow.swift */ = {isa = PBXFileReference; lastKnownFileType = sourcecode.swift; path = "CALayer+Shadow.swift"; sourceTree = "<group>"; };
		2C1C9D0A22AD902A00E3385B /* UIScrollView+Extensions.swift */ = {isa = PBXFileReference; lastKnownFileType = sourcecode.swift; path = "UIScrollView+Extensions.swift"; sourceTree = "<group>"; };
		2C2DC2C1229EFE2300E7AB3F /* WalletView.swift */ = {isa = PBXFileReference; lastKnownFileType = sourcecode.swift; path = WalletView.swift; sourceTree = "<group>"; };
		2C37E88E229C5E1200F7380F /* NSLayoutConstraint+Priority.swift */ = {isa = PBXFileReference; lastKnownFileType = sourcecode.swift; path = "NSLayoutConstraint+Priority.swift"; sourceTree = "<group>"; };
		2C37E890229C5F8E00F7380F /* TransactionsViewModel.swift */ = {isa = PBXFileReference; lastKnownFileType = sourcecode.swift; path = TransactionsViewModel.swift; sourceTree = "<group>"; };
		2C37E894229C610800F7380F /* TableDirector+Replace.swift */ = {isa = PBXFileReference; lastKnownFileType = sourcecode.swift; path = "TableDirector+Replace.swift"; sourceTree = "<group>"; };
		2C37E897229C612500F7380F /* TableSection+Init.swift */ = {isa = PBXFileReference; lastKnownFileType = sourcecode.swift; path = "TableSection+Init.swift"; sourceTree = "<group>"; };
		2C37E89A229C615300F7380F /* EmptyCell.swift */ = {isa = PBXFileReference; lastKnownFileType = sourcecode.swift; path = EmptyCell.swift; sourceTree = "<group>"; };
		2C37E89C229C619600F7380F /* EmptyRow.swift */ = {isa = PBXFileReference; lastKnownFileType = sourcecode.swift; path = EmptyRow.swift; sourceTree = "<group>"; };
		2C37E89E229C646F00F7380F /* UserView.swift */ = {isa = PBXFileReference; lastKnownFileType = sourcecode.swift; path = UserView.swift; sourceTree = "<group>"; };
		2C37E8A0229C6CBC00F7380F /* BalanceView.swift */ = {isa = PBXFileReference; lastKnownFileType = sourcecode.swift; path = BalanceView.swift; sourceTree = "<group>"; };
		2C3CCB04224AAD6A00FF2D1A /* Quicksand-Bold.ttf */ = {isa = PBXFileReference; lastKnownFileType = file; path = "Quicksand-Bold.ttf"; sourceTree = "<group>"; };
		2C3CCB05224AAD6A00FF2D1A /* Quicksand-Medium.ttf */ = {isa = PBXFileReference; lastKnownFileType = file; path = "Quicksand-Medium.ttf"; sourceTree = "<group>"; };
		2C3CCB06224AAD6A00FF2D1A /* Quicksand-Regular.ttf */ = {isa = PBXFileReference; lastKnownFileType = file; path = "Quicksand-Regular.ttf"; sourceTree = "<group>"; };
		2C3CCB07224AAD6A00FF2D1A /* Quicksand-Light.ttf */ = {isa = PBXFileReference; lastKnownFileType = file; path = "Quicksand-Light.ttf"; sourceTree = "<group>"; };
		2C49D0A9229ACE3100685B4D /* UIApplication+SafeArea.swift */ = {isa = PBXFileReference; lastKnownFileType = sourcecode.swift; path = "UIApplication+SafeArea.swift"; sourceTree = "<group>"; };
		2C49D0AD229AF2C800685B4D /* SectionHeaderCell.swift */ = {isa = PBXFileReference; lastKnownFileType = sourcecode.swift; path = SectionHeaderCell.swift; sourceTree = "<group>"; };
		2C49D0AF229AF2D000685B4D /* SectionHeaderCellViewModel.swift */ = {isa = PBXFileReference; lastKnownFileType = sourcecode.swift; path = SectionHeaderCellViewModel.swift; sourceTree = "<group>"; };
		2C49D0B2229AF96A00685B4D /* TransactionCell.swift */ = {isa = PBXFileReference; lastKnownFileType = sourcecode.swift; path = TransactionCell.swift; sourceTree = "<group>"; };
		2C49D0B4229AF97700685B4D /* TransactionCellViewModel.swift */ = {isa = PBXFileReference; lastKnownFileType = sourcecode.swift; path = TransactionCellViewModel.swift; sourceTree = "<group>"; };
		2C49D0B7229AFFC400685B4D /* WalletsCell.swift */ = {isa = PBXFileReference; lastKnownFileType = sourcecode.swift; path = WalletsCell.swift; sourceTree = "<group>"; };
		2C49D0B9229AFFCF00685B4D /* WalletsCellViewModel.swift */ = {isa = PBXFileReference; lastKnownFileType = sourcecode.swift; path = WalletsCellViewModel.swift; sourceTree = "<group>"; };
		2C49D0BB229B001300685B4D /* Wallet.swift */ = {isa = PBXFileReference; lastKnownFileType = sourcecode.swift; path = Wallet.swift; sourceTree = "<group>"; };
		2C557CA522513D5D00525361 /* CurrencyView+Appearance.swift */ = {isa = PBXFileReference; lastKnownFileType = sourcecode.swift; path = "CurrencyView+Appearance.swift"; sourceTree = "<group>"; };
		2C557CA722513E8000525361 /* UIView+AddSubviews.swift */ = {isa = PBXFileReference; lastKnownFileType = sourcecode.swift; path = "UIView+AddSubviews.swift"; sourceTree = "<group>"; };
		2C557CAB22513EFA00525361 /* UIFont+CustomFont.swift */ = {isa = PBXFileReference; lastKnownFileType = sourcecode.swift; path = "UIFont+CustomFont.swift"; sourceTree = "<group>"; };
		2C557CAE22513F3000525361 /* UIFontWeight+Title.swift */ = {isa = PBXFileReference; lastKnownFileType = sourcecode.swift; path = "UIFontWeight+Title.swift"; sourceTree = "<group>"; };
		2C557CB222513F6300525361 /* CustomFont.swift */ = {isa = PBXFileReference; lastKnownFileType = sourcecode.swift; path = CustomFont.swift; sourceTree = "<group>"; };
		2C557CB42251523600525361 /* CALayer+Layout.swift */ = {isa = PBXFileReference; lastKnownFileType = sourcecode.swift; path = "CALayer+Layout.swift"; sourceTree = "<group>"; };
		2C557CB7225152DC00525361 /* BoundsHolder.swift */ = {isa = PBXFileReference; lastKnownFileType = sourcecode.swift; path = BoundsHolder.swift; sourceTree = "<group>"; };
		2C557CBA2251535300525361 /* CAGradientLayer+Colors.swift */ = {isa = PBXFileReference; lastKnownFileType = sourcecode.swift; path = "CAGradientLayer+Colors.swift"; sourceTree = "<group>"; };
		2C66EC2222A2ED2E00B85071 /* PathIconView.swift */ = {isa = PBXFileReference; lastKnownFileType = sourcecode.swift; path = PathIconView.swift; sourceTree = "<group>"; };
		2C66EC2622A2ED8700B85071 /* CGPath+Paths.swift */ = {isa = PBXFileReference; lastKnownFileType = sourcecode.swift; path = "CGPath+Paths.swift"; sourceTree = "<group>"; };
		2C72099E22776EA800EF0ED4 /* CGFloat+Sign.swift */ = {isa = PBXFileReference; lastKnownFileType = sourcecode.swift; path = "CGFloat+Sign.swift"; sourceTree = "<group>"; };
		2C7BB23222A43D440085E427 /* Themeable.swift */ = {isa = PBXFileReference; lastKnownFileType = sourcecode.swift; path = Themeable.swift; sourceTree = "<group>"; };
		2C7BB23422A43D8A0085E427 /* ThemeManager.swift */ = {isa = PBXFileReference; lastKnownFileType = sourcecode.swift; path = ThemeManager.swift; sourceTree = "<group>"; };
		2C7BB23622A43DB10085E427 /* Theme.swift */ = {isa = PBXFileReference; lastKnownFileType = sourcecode.swift; path = Theme.swift; sourceTree = "<group>"; };
		2C7BB23922A43E230085E427 /* UserDefaults+Keys.swift */ = {isa = PBXFileReference; lastKnownFileType = sourcecode.swift; path = "UserDefaults+Keys.swift"; sourceTree = "<group>"; };
		2C7BB23C22A43EB00085E427 /* NSNotification+Name.swift */ = {isa = PBXFileReference; lastKnownFileType = sourcecode.swift; path = "NSNotification+Name.swift"; sourceTree = "<group>"; };
		2C897B4C224941E2004523E3 /* ShotOne.app */ = {isa = PBXFileReference; explicitFileType = wrapper.application; includeInIndex = 0; path = ShotOne.app; sourceTree = BUILT_PRODUCTS_DIR; };
		2C897B4F224941E2004523E3 /* AppDelegate.swift */ = {isa = PBXFileReference; lastKnownFileType = sourcecode.swift; path = AppDelegate.swift; sourceTree = "<group>"; };
		2C897B56224941E4004523E3 /* Images.xcassets */ = {isa = PBXFileReference; lastKnownFileType = folder.assetcatalog; path = Images.xcassets; sourceTree = "<group>"; };
		2C897B5B224941E4004523E3 /* Info.plist */ = {isa = PBXFileReference; lastKnownFileType = text.plist.xml; path = Info.plist; sourceTree = "<group>"; };
		2C897B64224943CD004523E3 /* MainViewController.swift */ = {isa = PBXFileReference; lastKnownFileType = sourcecode.swift; path = MainViewController.swift; sourceTree = "<group>"; };
		2C897B6722494547004523E3 /* LaunchScreen.storyboard */ = {isa = PBXFileReference; fileEncoding = 4; lastKnownFileType = file.storyboard; path = LaunchScreen.storyboard; sourceTree = "<group>"; };
		2C897B6B2249479F004523E3 /* CurrencyView.swift */ = {isa = PBXFileReference; lastKnownFileType = sourcecode.swift; path = CurrencyView.swift; sourceTree = "<group>"; };
		2C897B6D22494866004523E3 /* BaseView.swift */ = {isa = PBXFileReference; lastKnownFileType = sourcecode.swift; path = BaseView.swift; sourceTree = "<group>"; };
		2C897B7222495366004523E3 /* CGColor+UIColor.swift */ = {isa = PBXFileReference; lastKnownFileType = sourcecode.swift; path = "CGColor+UIColor.swift"; sourceTree = "<group>"; };
		2C897B762249550D004523E3 /* CALayer+AddSublayers.swift */ = {isa = PBXFileReference; lastKnownFileType = sourcecode.swift; path = "CALayer+AddSublayers.swift"; sourceTree = "<group>"; };
		2C897B7A22495A22004523E3 /* UIColor+Hex.swift */ = {isa = PBXFileReference; lastKnownFileType = sourcecode.swift; path = "UIColor+Hex.swift"; sourceTree = "<group>"; };
		2C97A1A722889DEA00FF3393 /* GradientView.swift */ = {isa = PBXFileReference; lastKnownFileType = sourcecode.swift; path = GradientView.swift; sourceTree = "<group>"; };
		2CD12A52229AB32500C3C3A3 /* UIPanGestureRecognizer+Direction.swift */ = {isa = PBXFileReference; lastKnownFileType = sourcecode.swift; path = "UIPanGestureRecognizer+Direction.swift"; sourceTree = "<group>"; };
		2CDDAE52226F8592008EB265 /* BottomPanel.swift */ = {isa = PBXFileReference; lastKnownFileType = sourcecode.swift; path = BottomPanel.swift; sourceTree = "<group>"; };
		2CDEBBF2225290DB003BB3A3 /* TransactionsViewController.swift */ = {isa = PBXFileReference; lastKnownFileType = sourcecode.swift; path = TransactionsViewController.swift; sourceTree = "<group>"; };
		2CEA5D5322AC353E0076D10E /* UIColor+Colors.swift */ = {isa = PBXFileReference; lastKnownFileType = sourcecode.swift; path = "UIColor+Colors.swift"; sourceTree = "<group>"; };
		2CEA5D5522AC35590076D10E /* UIImage+Images.swift */ = {isa = PBXFileReference; lastKnownFileType = sourcecode.swift; path = "UIImage+Images.swift"; sourceTree = "<group>"; };
		2CEA5D5E22AC4D9D0076D10E /* DarkTheme.swift */ = {isa = PBXFileReference; lastKnownFileType = sourcecode.swift; path = DarkTheme.swift; sourceTree = "<group>"; };
		2CEA5D6022AC4DD60076D10E /* LightTheme.swift */ = {isa = PBXFileReference; lastKnownFileType = sourcecode.swift; path = LightTheme.swift; sourceTree = "<group>"; };
		2CECB8E122ABF23F0074C165 /* Colors.xcassets */ = {isa = PBXFileReference; lastKnownFileType = folder.assetcatalog; path = Colors.xcassets; sourceTree = "<group>"; };
		5FB0176BFFF1F6CE487220A7 /* Pods_ShotOne.framework */ = {isa = PBXFileReference; explicitFileType = wrapper.framework; includeInIndex = 0; path = Pods_ShotOne.framework; sourceTree = BUILT_PRODUCTS_DIR; };
		80264DEEAA0DD898BF03E839 /* Pods-ShotOne.debug.xcconfig */ = {isa = PBXFileReference; includeInIndex = 1; lastKnownFileType = text.xcconfig; name = "Pods-ShotOne.debug.xcconfig"; path = "Target Support Files/Pods-ShotOne/Pods-ShotOne.debug.xcconfig"; sourceTree = "<group>"; };
		B8FA6F807150AC601CC978CD /* Pods-ShotOne.release.xcconfig */ = {isa = PBXFileReference; includeInIndex = 1; lastKnownFileType = text.xcconfig; name = "Pods-ShotOne.release.xcconfig"; path = "Target Support Files/Pods-ShotOne/Pods-ShotOne.release.xcconfig"; sourceTree = "<group>"; };
/* End PBXFileReference section */

/* Begin PBXFrameworksBuildPhase section */
		2C897B49224941E2004523E3 /* Frameworks */ = {
			isa = PBXFrameworksBuildPhase;
			buildActionMask = 2147483647;
			files = (
				DDF87E2B25455B8F60E11524 /* Pods_ShotOne.framework in Frameworks */,
			);
			runOnlyForDeploymentPostprocessing = 0;
		};
/* End PBXFrameworksBuildPhase section */

/* Begin PBXGroup section */
		2C0B9560224DEBCF00792ADF /* Swift */ = {
			isa = PBXGroup;
			children = (
				2C0B9561224DEBD500792ADF /* String */,
			);
			path = Swift;
			sourceTree = "<group>";
		};
		2C0B9561224DEBD500792ADF /* String */ = {
			isa = PBXGroup;
			children = (
				2C0B9562224DEBE500792ADF /* String+Attributes.swift */,
				2C0B956B224DECA600792ADF /* String+Constants.swift */,
			);
			path = String;
			sourceTree = "<group>";
		};
		2C0B9564224DEC0600792ADF /* Foundation */ = {
			isa = PBXGroup;
			children = (
				2C7BB23B22A43EA50085E427 /* NSNotification */,
				2C0B9565224DEC1200792ADF /* NSMutableAttributedString */,
				2C7BB23822A43E0C0085E427 /* UserDefaults */,
			);
			path = Foundation;
			sourceTree = "<group>";
		};
		2C0B9565224DEC1200792ADF /* NSMutableAttributedString */ = {
			isa = PBXGroup;
			children = (
				2C0B9566224DEC2100792ADF /* NSMutableAttributedString+Attributes.swift */,
			);
			path = NSMutableAttributedString;
			sourceTree = "<group>";
		};
		2C0B9568224DEC8300792ADF /* UIView */ = {
			isa = PBXGroup;
			children = (
				2C557CA722513E8000525361 /* UIView+AddSubviews.swift */,
				2C0B9569224DEC8F00792ADF /* UIView+Constraints.swift */,
			);
			path = UIView;
			sourceTree = "<group>";
		};
		2C1C9D0922AD900A00E3385B /* UIScrollView */ = {
			isa = PBXGroup;
			children = (
				2C1C9D0A22AD902A00E3385B /* UIScrollView+Extensions.swift */,
			);
			path = UIScrollView;
			sourceTree = "<group>";
		};
		2C37E88D229C5DFC00F7380F /* NSLayoutConstraint */ = {
			isa = PBXGroup;
			children = (
				2C37E88E229C5E1200F7380F /* NSLayoutConstraint+Priority.swift */,
			);
			path = NSLayoutConstraint;
			sourceTree = "<group>";
		};
		2C37E892229C60EB00F7380F /* TableKit */ = {
			isa = PBXGroup;
			children = (
				2C37E893229C60F800F7380F /* TableDirector */,
				2C37E896229C611900F7380F /* TableSection */,
			);
			path = TableKit;
			sourceTree = "<group>";
		};
		2C37E893229C60F800F7380F /* TableDirector */ = {
			isa = PBXGroup;
			children = (
				2C37E894229C610800F7380F /* TableDirector+Replace.swift */,
			);
			path = TableDirector;
			sourceTree = "<group>";
		};
		2C37E896229C611900F7380F /* TableSection */ = {
			isa = PBXGroup;
			children = (
				2C37E897229C612500F7380F /* TableSection+Init.swift */,
			);
			path = TableSection;
			sourceTree = "<group>";
		};
		2C37E899229C614B00F7380F /* EmptyCell */ = {
			isa = PBXGroup;
			children = (
				2C37E89A229C615300F7380F /* EmptyCell.swift */,
				2C37E89C229C619600F7380F /* EmptyRow.swift */,
			);
			path = EmptyCell;
			sourceTree = "<group>";
		};
		2C3CCB00224AAB6B00FF2D1A /* Fonts */ = {
			isa = PBXGroup;
			children = (
				2C3CCB03224AAD5900FF2D1A /* Quicksand */,
			);
			path = Fonts;
			sourceTree = "<group>";
		};
		2C3CCB03224AAD5900FF2D1A /* Quicksand */ = {
			isa = PBXGroup;
			children = (
				2C3CCB04224AAD6A00FF2D1A /* Quicksand-Bold.ttf */,
				2C3CCB07224AAD6A00FF2D1A /* Quicksand-Light.ttf */,
				2C3CCB05224AAD6A00FF2D1A /* Quicksand-Medium.ttf */,
				2C3CCB06224AAD6A00FF2D1A /* Quicksand-Regular.ttf */,
			);
			path = Quicksand;
			sourceTree = "<group>";
		};
		2C49D0A8229ACE1C00685B4D /* UIApplication */ = {
			isa = PBXGroup;
			children = (
				2C49D0A9229ACE3100685B4D /* UIApplication+SafeArea.swift */,
			);
			path = UIApplication;
			sourceTree = "<group>";
		};
		2C49D0AB229AF2A600685B4D /* Cells */ = {
			isa = PBXGroup;
			children = (
				2C37E899229C614B00F7380F /* EmptyCell */,
				2C49D0AC229AF2AF00685B4D /* SectionHeaderCell */,
				2C49D0B1229AF95C00685B4D /* TransactionCell */,
				2C49D0B6229AFFAC00685B4D /* WalletsCell */,
			);
			path = Cells;
			sourceTree = "<group>";
		};
		2C49D0AC229AF2AF00685B4D /* SectionHeaderCell */ = {
			isa = PBXGroup;
			children = (
				2C49D0AD229AF2C800685B4D /* SectionHeaderCell.swift */,
				2C49D0AF229AF2D000685B4D /* SectionHeaderCellViewModel.swift */,
			);
			path = SectionHeaderCell;
			sourceTree = "<group>";
		};
		2C49D0B1229AF95C00685B4D /* TransactionCell */ = {
			isa = PBXGroup;
			children = (
				2C49D0B2229AF96A00685B4D /* TransactionCell.swift */,
				2C49D0B4229AF97700685B4D /* TransactionCellViewModel.swift */,
			);
			path = TransactionCell;
			sourceTree = "<group>";
		};
		2C49D0B6229AFFAC00685B4D /* WalletsCell */ = {
			isa = PBXGroup;
			children = (
				2C49D0B7229AFFC400685B4D /* WalletsCell.swift */,
				2C49D0B9229AFFCF00685B4D /* WalletsCellViewModel.swift */,
			);
			path = WalletsCell;
			sourceTree = "<group>";
		};
		2C49D0BD229B00C200685B4D /* Models */ = {
			isa = PBXGroup;
			children = (
				2C49D0BB229B001300685B4D /* Wallet.swift */,
			);
			path = Models;
			sourceTree = "<group>";
		};
		2C557CA322513D4400525361 /* ShotOne */ = {
			isa = PBXGroup;
			children = (
				2C557CA422513D5000525361 /* CurrencyView */,
			);
			path = ShotOne;
			sourceTree = "<group>";
		};
		2C557CA422513D5000525361 /* CurrencyView */ = {
			isa = PBXGroup;
			children = (
				2C557CA522513D5D00525361 /* CurrencyView+Appearance.swift */,
			);
			path = CurrencyView;
			sourceTree = "<group>";
		};
		2C557CA922513EE600525361 /* UIFont */ = {
			isa = PBXGroup;
			children = (
				2C557CAD22513F1C00525361 /* Weight */,
				2C557CAB22513EFA00525361 /* UIFont+CustomFont.swift */,
			);
			path = UIFont;
			sourceTree = "<group>";
		};
		2C557CAD22513F1C00525361 /* Weight */ = {
			isa = PBXGroup;
			children = (
				2C557CAE22513F3000525361 /* UIFontWeight+Title.swift */,
			);
			path = Weight;
			sourceTree = "<group>";
		};
		2C557CB022513F5200525361 /* Appearance */ = {
			isa = PBXGroup;
			children = (
				2CEA5D5122AC350B0076D10E /* Colors */,
				2C557CB122513F5800525361 /* Fonts */,
				2CEA5D5222AC35120076D10E /* Images */,
				2C7BB23122A43D0D0085E427 /* Theme */,
			);
			path = Appearance;
			sourceTree = "<group>";
		};
		2C557CB122513F5800525361 /* Fonts */ = {
			isa = PBXGroup;
			children = (
				2C557CB222513F6300525361 /* CustomFont.swift */,
			);
			path = Fonts;
			sourceTree = "<group>";
		};
		2C557CB6225152D300525361 /* Layout */ = {
			isa = PBXGroup;
			children = (
				2C557CB42251523600525361 /* CALayer+Layout.swift */,
				2C557CB7225152DC00525361 /* BoundsHolder.swift */,
			);
			path = Layout;
			sourceTree = "<group>";
		};
		2C557CB92251534600525361 /* CAGradientLayer */ = {
			isa = PBXGroup;
			children = (
				2C557CBA2251535300525361 /* CAGradientLayer+Colors.swift */,
			);
			path = CAGradientLayer;
			sourceTree = "<group>";
		};
		2C66EC2522A2ED7900B85071 /* CGPath */ = {
			isa = PBXGroup;
			children = (
				2C66EC2622A2ED8700B85071 /* CGPath+Paths.swift */,
			);
			path = CGPath;
			sourceTree = "<group>";
		};
		2C72099A22776CE600EF0ED4 /* BottomPanel */ = {
			isa = PBXGroup;
			children = (
				2CDDAE52226F8592008EB265 /* BottomPanel.swift */,
			);
			path = BottomPanel;
			sourceTree = "<group>";
		};
		2C72099D22776E9400EF0ED4 /* CGFloat */ = {
			isa = PBXGroup;
			children = (
				2C72099E22776EA800EF0ED4 /* CGFloat+Sign.swift */,
			);
			path = CGFloat;
			sourceTree = "<group>";
		};
		2C7BB23122A43D0D0085E427 /* Theme */ = {
			isa = PBXGroup;
			children = (
				2CEA5D5D22AC4D910076D10E /* Themes */,
				2C7BB23622A43DB10085E427 /* Theme.swift */,
				2C7BB23222A43D440085E427 /* Themeable.swift */,
				2C7BB23422A43D8A0085E427 /* ThemeManager.swift */,
			);
			path = Theme;
			sourceTree = "<group>";
		};
		2C7BB23822A43E0C0085E427 /* UserDefaults */ = {
			isa = PBXGroup;
			children = (
				2C7BB23922A43E230085E427 /* UserDefaults+Keys.swift */,
			);
			path = UserDefaults;
			sourceTree = "<group>";
		};
		2C7BB23B22A43EA50085E427 /* NSNotification */ = {
			isa = PBXGroup;
			children = (
				2C7BB23C22A43EB00085E427 /* NSNotification+Name.swift */,
			);
			path = NSNotification;
			sourceTree = "<group>";
		};
		2C897B43224941E2004523E3 = {
			isa = PBXGroup;
			children = (
				2C897B4E224941E2004523E3 /* ShotOne */,
				2C897B4D224941E2004523E3 /* Products */,
				F4E419EA205596DC46D62F59 /* Pods */,
				56948D1CC7AD95D0F25F47CA /* Frameworks */,
			);
			sourceTree = "<group>";
		};
		2C897B4D224941E2004523E3 /* Products */ = {
			isa = PBXGroup;
			children = (
				2C897B4C224941E2004523E3 /* ShotOne.app */,
			);
			name = Products;
			sourceTree = "<group>";
		};
		2C897B4E224941E2004523E3 /* ShotOne */ = {
			isa = PBXGroup;
			children = (
				2C897B5B224941E4004523E3 /* Info.plist */,
				2C897B4F224941E2004523E3 /* AppDelegate.swift */,
				2C557CB022513F5200525361 /* Appearance */,
				2C49D0AB229AF2A600685B4D /* Cells */,
				2CDDAE51226F8578008EB265 /* Components */,
				2C897B62224943A2004523E3 /* Controllers */,
				2C897B6F2249533E004523E3 /* Extensions */,
				2C49D0BD229B00C200685B4D /* Models */,
				2C897B612249436C004523E3 /* Resources */,
				2C897B69224946B4004523E3 /* Views */,
			);
			path = ShotOne;
			sourceTree = "<group>";
		};
		2C897B612249436C004523E3 /* Resources */ = {
			isa = PBXGroup;
			children = (
				2C897B6722494547004523E3 /* LaunchScreen.storyboard */,
				2C897B56224941E4004523E3 /* Images.xcassets */,
				2CECB8E122ABF23F0074C165 /* Colors.xcassets */,
				2C3CCB00224AAB6B00FF2D1A /* Fonts */,
			);
			path = Resources;
			sourceTree = "<group>";
		};
		2C897B62224943A2004523E3 /* Controllers */ = {
			isa = PBXGroup;
			children = (
				2CDEBBF1225290AF003BB3A3 /* Transactions */,
				2C897B63224943BB004523E3 /* Main */,
			);
			path = Controllers;
			sourceTree = "<group>";
		};
		2C897B63224943BB004523E3 /* Main */ = {
			isa = PBXGroup;
			children = (
				2C897B64224943CD004523E3 /* MainViewController.swift */,
			);
			path = Main;
			sourceTree = "<group>";
		};
		2C897B69224946B4004523E3 /* Views */ = {
			isa = PBXGroup;
			children = (
				2C37E8A0229C6CBC00F7380F /* BalanceView.swift */,
				2C897B6D22494866004523E3 /* BaseView.swift */,
				2C897B6B2249479F004523E3 /* CurrencyView.swift */,
				2C97A1A722889DEA00FF3393 /* GradientView.swift */,
				2C66EC2222A2ED2E00B85071 /* PathIconView.swift */,
				2C37E89E229C646F00F7380F /* UserView.swift */,
				2C2DC2C1229EFE2300E7AB3F /* WalletView.swift */,
			);
			path = Views;
			sourceTree = "<group>";
		};
		2C897B6F2249533E004523E3 /* Extensions */ = {
			isa = PBXGroup;
			children = (
				2C897B702249534A004523E3 /* CoreGraphics */,
				2C0B9564224DEC0600792ADF /* Foundation */,
				2C897B74224954F4004523E3 /* QuartzCore */,
				2C557CA322513D4400525361 /* ShotOne */,
				2C0B9560224DEBCF00792ADF /* Swift */,
				2C37E892229C60EB00F7380F /* TableKit */,
				2C897B7822495A0F004523E3 /* UIKit */,
			);
			path = Extensions;
			sourceTree = "<group>";
		};
		2C897B702249534A004523E3 /* CoreGraphics */ = {
			isa = PBXGroup;
			children = (
				2C897B7122495355004523E3 /* CGColor */,
				2C72099D22776E9400EF0ED4 /* CGFloat */,
				2C66EC2522A2ED7900B85071 /* CGPath */,
			);
			path = CoreGraphics;
			sourceTree = "<group>";
		};
		2C897B7122495355004523E3 /* CGColor */ = {
			isa = PBXGroup;
			children = (
				2C897B7222495366004523E3 /* CGColor+UIColor.swift */,
			);
			path = CGColor;
			sourceTree = "<group>";
		};
		2C897B74224954F4004523E3 /* QuartzCore */ = {
			isa = PBXGroup;
			children = (
				2C557CB92251534600525361 /* CAGradientLayer */,
				2C897B75224954FF004523E3 /* CALayer */,
			);
			path = QuartzCore;
			sourceTree = "<group>";
		};
		2C897B75224954FF004523E3 /* CALayer */ = {
			isa = PBXGroup;
			children = (
				2C557CB6225152D300525361 /* Layout */,
				2C897B762249550D004523E3 /* CALayer+AddSublayers.swift */,
				2C0B956D224DEDBB00792ADF /* CALayer+Shadow.swift */,
			);
			path = CALayer;
			sourceTree = "<group>";
		};
		2C897B7822495A0F004523E3 /* UIKit */ = {
			isa = PBXGroup;
			children = (
				2C37E88D229C5DFC00F7380F /* NSLayoutConstraint */,
				2C49D0A8229ACE1C00685B4D /* UIApplication */,
				2C897B7922495A15004523E3 /* UIColor */,
				2C557CA922513EE600525361 /* UIFont */,
				2CD12A51229AB31200C3C3A3 /* UIPanGestureRecognizer */,
				2C1C9D0922AD900A00E3385B /* UIScrollView */,
				2C0B9568224DEC8300792ADF /* UIView */,
			);
			path = UIKit;
			sourceTree = "<group>";
		};
		2C897B7922495A15004523E3 /* UIColor */ = {
			isa = PBXGroup;
			children = (
				2C897B7A22495A22004523E3 /* UIColor+Hex.swift */,
			);
			path = UIColor;
			sourceTree = "<group>";
		};
		2CD12A51229AB31200C3C3A3 /* UIPanGestureRecognizer */ = {
			isa = PBXGroup;
			children = (
				2CD12A52229AB32500C3C3A3 /* UIPanGestureRecognizer+Direction.swift */,
			);
			path = UIPanGestureRecognizer;
			sourceTree = "<group>";
		};
		2CDDAE51226F8578008EB265 /* Components */ = {
			isa = PBXGroup;
			children = (
				2C72099A22776CE600EF0ED4 /* BottomPanel */,
			);
			path = Components;
			sourceTree = "<group>";
		};
		2CDEBBF1225290AF003BB3A3 /* Transactions */ = {
			isa = PBXGroup;
			children = (
				2CDEBBF2225290DB003BB3A3 /* TransactionsViewController.swift */,
				2C37E890229C5F8E00F7380F /* TransactionsViewModel.swift */,
			);
			path = Transactions;
			sourceTree = "<group>";
		};
		2CEA5D5122AC350B0076D10E /* Colors */ = {
			isa = PBXGroup;
			children = (
				2CEA5D5322AC353E0076D10E /* UIColor+Colors.swift */,
			);
			path = Colors;
			sourceTree = "<group>";
		};
		2CEA5D5222AC35120076D10E /* Images */ = {
			isa = PBXGroup;
			children = (
				2CEA5D5522AC35590076D10E /* UIImage+Images.swift */,
			);
			path = Images;
			sourceTree = "<group>";
		};
		2CEA5D5D22AC4D910076D10E /* Themes */ = {
			isa = PBXGroup;
			children = (
				2CEA5D5E22AC4D9D0076D10E /* DarkTheme.swift */,
				2CEA5D6022AC4DD60076D10E /* LightTheme.swift */,
			);
			path = Themes;
			sourceTree = "<group>";
		};
		56948D1CC7AD95D0F25F47CA /* Frameworks */ = {
			isa = PBXGroup;
			children = (
				5FB0176BFFF1F6CE487220A7 /* Pods_ShotOne.framework */,
			);
			name = Frameworks;
			sourceTree = "<group>";
		};
		F4E419EA205596DC46D62F59 /* Pods */ = {
			isa = PBXGroup;
			children = (
				80264DEEAA0DD898BF03E839 /* Pods-ShotOne.debug.xcconfig */,
				B8FA6F807150AC601CC978CD /* Pods-ShotOne.release.xcconfig */,
			);
			path = Pods;
			sourceTree = "<group>";
		};
/* End PBXGroup section */

/* Begin PBXNativeTarget section */
		2C897B4B224941E2004523E3 /* ShotOne */ = {
			isa = PBXNativeTarget;
			buildConfigurationList = 2C897B5E224941E4004523E3 /* Build configuration list for PBXNativeTarget "ShotOne" */;
			buildPhases = (
				C1E150CB7075A3FD26EA94B3 /* [CP] Check Pods Manifest.lock */,
				2C897B48224941E2004523E3 /* Sources */,
				2C897B49224941E2004523E3 /* Frameworks */,
				2C897B4A224941E2004523E3 /* Resources */,
				48346806934E76C72CCC0273 /* [CP] Embed Pods Frameworks */,
			);
			buildRules = (
			);
			dependencies = (
			);
			name = ShotOne;
			productName = ShotOne;
			productReference = 2C897B4C224941E2004523E3 /* ShotOne.app */;
			productType = "com.apple.product-type.application";
		};
/* End PBXNativeTarget section */

/* Begin PBXProject section */
		2C897B44224941E2004523E3 /* Project object */ = {
			isa = PBXProject;
			attributes = {
				LastSwiftUpdateCheck = 1010;
				LastUpgradeCheck = 1010;
				ORGANIZATIONNAME = "Ivan Zinovyev";
				TargetAttributes = {
					2C897B4B224941E2004523E3 = {
						CreatedOnToolsVersion = 10.1;
						LastSwiftMigration = 1020;
					};
				};
			};
			buildConfigurationList = 2C897B47224941E2004523E3 /* Build configuration list for PBXProject "ShotOne" */;
			compatibilityVersion = "Xcode 9.3";
			developmentRegion = en;
			hasScannedForEncodings = 0;
			knownRegions = (
				en,
				Base,
			);
			mainGroup = 2C897B43224941E2004523E3;
			productRefGroup = 2C897B4D224941E2004523E3 /* Products */;
			projectDirPath = "";
			projectRoot = "";
			targets = (
				2C897B4B224941E2004523E3 /* ShotOne */,
			);
		};
/* End PBXProject section */

/* Begin PBXResourcesBuildPhase section */
		2C897B4A224941E2004523E3 /* Resources */ = {
			isa = PBXResourcesBuildPhase;
			buildActionMask = 2147483647;
			files = (
				2C897B6822494548004523E3 /* LaunchScreen.storyboard in Resources */,
				2C3CCB0A224AAD6A00FF2D1A /* Quicksand-Regular.ttf in Resources */,
				2C3CCB0B224AAD6A00FF2D1A /* Quicksand-Light.ttf in Resources */,
				2C897B57224941E4004523E3 /* Images.xcassets in Resources */,
				2C3CCB08224AAD6A00FF2D1A /* Quicksand-Bold.ttf in Resources */,
				2C3CCB09224AAD6A00FF2D1A /* Quicksand-Medium.ttf in Resources */,
				2CECB8E222ABF23F0074C165 /* Colors.xcassets in Resources */,
			);
			runOnlyForDeploymentPostprocessing = 0;
		};
/* End PBXResourcesBuildPhase section */

/* Begin PBXShellScriptBuildPhase section */
		48346806934E76C72CCC0273 /* [CP] Embed Pods Frameworks */ = {
			isa = PBXShellScriptBuildPhase;
			buildActionMask = 2147483647;
			files = (
			);
			inputFileListPaths = (
				"${PODS_ROOT}/Target Support Files/Pods-ShotOne/Pods-ShotOne-frameworks-${CONFIGURATION}-input-files.xcfilelist",
			);
			name = "[CP] Embed Pods Frameworks";
			outputFileListPaths = (
				"${PODS_ROOT}/Target Support Files/Pods-ShotOne/Pods-ShotOne-frameworks-${CONFIGURATION}-output-files.xcfilelist",
			);
			runOnlyForDeploymentPostprocessing = 0;
			shellPath = /bin/sh;
			shellScript = "\"${PODS_ROOT}/Target Support Files/Pods-ShotOne/Pods-ShotOne-frameworks.sh\"\n";
			showEnvVarsInLog = 0;
		};
		C1E150CB7075A3FD26EA94B3 /* [CP] Check Pods Manifest.lock */ = {
			isa = PBXShellScriptBuildPhase;
			buildActionMask = 2147483647;
			files = (
			);
			inputFileListPaths = (
			);
			inputPaths = (
				"${PODS_PODFILE_DIR_PATH}/Podfile.lock",
				"${PODS_ROOT}/Manifest.lock",
			);
			name = "[CP] Check Pods Manifest.lock";
			outputFileListPaths = (
			);
			outputPaths = (
				"$(DERIVED_FILE_DIR)/Pods-ShotOne-checkManifestLockResult.txt",
			);
			runOnlyForDeploymentPostprocessing = 0;
			shellPath = /bin/sh;
			shellScript = "diff \"${PODS_PODFILE_DIR_PATH}/Podfile.lock\" \"${PODS_ROOT}/Manifest.lock\" > /dev/null\nif [ $? != 0 ] ; then\n    # print error to STDERR\n    echo \"error: The sandbox is not in sync with the Podfile.lock. Run 'pod install' or update your CocoaPods installation.\" >&2\n    exit 1\nfi\n# This output is used by Xcode 'outputs' to avoid re-running this script phase.\necho \"SUCCESS\" > \"${SCRIPT_OUTPUT_FILE_0}\"\n";
			showEnvVarsInLog = 0;
		};
/* End PBXShellScriptBuildPhase section */

/* Begin PBXSourcesBuildPhase section */
		2C897B48224941E2004523E3 /* Sources */ = {
			isa = PBXSourcesBuildPhase;
			buildActionMask = 2147483647;
			files = (
				2C7BB23A22A43E230085E427 /* UserDefaults+Keys.swift in Sources */,
				2C7BB23D22A43EB00085E427 /* NSNotification+Name.swift in Sources */,
				2CEA5D5622AC35590076D10E /* UIImage+Images.swift in Sources */,
				2C897B7B22495A22004523E3 /* UIColor+Hex.swift in Sources */,
				2C49D0B5229AF97700685B4D /* TransactionCellViewModel.swift in Sources */,
				2CD12A53229AB32500C3C3A3 /* UIPanGestureRecognizer+Direction.swift in Sources */,
				2C49D0BC229B001300685B4D /* Wallet.swift in Sources */,
				2C897B50224941E2004523E3 /* AppDelegate.swift in Sources */,
				2C557CB322513F6300525361 /* CustomFont.swift in Sources */,
				2C557CBB2251535300525361 /* CAGradientLayer+Colors.swift in Sources */,
				2C66EC2722A2ED8700B85071 /* CGPath+Paths.swift in Sources */,
				2C37E88F229C5E1200F7380F /* NSLayoutConstraint+Priority.swift in Sources */,
				2C897B6C2249479F004523E3 /* CurrencyView.swift in Sources */,
				2C37E89B229C615300F7380F /* EmptyCell.swift in Sources */,
				2C66EC2322A2ED2E00B85071 /* PathIconView.swift in Sources */,
				2C49D0B8229AFFC400685B4D /* WalletsCell.swift in Sources */,
				2C49D0AA229ACE3100685B4D /* UIApplication+SafeArea.swift in Sources */,
				2C557CB8225152DC00525361 /* BoundsHolder.swift in Sources */,
				2CEA5D5422AC353E0076D10E /* UIColor+Colors.swift in Sources */,
				2C37E8A1229C6CBC00F7380F /* BalanceView.swift in Sources */,
				2CEA5D6122AC4DD60076D10E /* LightTheme.swift in Sources */,
				2C0B9563224DEBE500792ADF /* String+Attributes.swift in Sources */,
				2C557CA622513D5D00525361 /* CurrencyView+Appearance.swift in Sources */,
				2C897B7322495366004523E3 /* CGColor+UIColor.swift in Sources */,
				2C2DC2C2229EFE2300E7AB3F /* WalletView.swift in Sources */,
				2C72099F22776EA800EF0ED4 /* CGFloat+Sign.swift in Sources */,
				2C49D0AE229AF2C800685B4D /* SectionHeaderCell.swift in Sources */,
				2C557CAC22513EFA00525361 /* UIFont+CustomFont.swift in Sources */,
				2C7BB23522A43D8A0085E427 /* ThemeManager.swift in Sources */,
				2C0B956E224DEDBB00792ADF /* CALayer+Shadow.swift in Sources */,
				2CDDAE53226F8592008EB265 /* BottomPanel.swift in Sources */,
				2CEA5D5F22AC4D9D0076D10E /* DarkTheme.swift in Sources */,
				2C897B772249550D004523E3 /* CALayer+AddSublayers.swift in Sources */,
				2C1C9D0B22AD902A00E3385B /* UIScrollView+Extensions.swift in Sources */,
				2C557CA822513E8000525361 /* UIView+AddSubviews.swift in Sources */,
				2C49D0B0229AF2D000685B4D /* SectionHeaderCellViewModel.swift in Sources */,
				2C0B9567224DEC2100792ADF /* NSMutableAttributedString+Attributes.swift in Sources */,
				2CDEBBF3225290DB003BB3A3 /* TransactionsViewController.swift in Sources */,
				2C37E89D229C619600F7380F /* EmptyRow.swift in Sources */,
				2C37E89F229C646F00F7380F /* UserView.swift in Sources */,
				2C7BB23322A43D440085E427 /* Themeable.swift in Sources */,
				2C0B956A224DEC8F00792ADF /* UIView+Constraints.swift in Sources */,
				2C37E891229C5F8E00F7380F /* TransactionsViewModel.swift in Sources */,
				2C557CB52251523600525361 /* CALayer+Layout.swift in Sources */,
				2C897B65224943CD004523E3 /* MainViewController.swift in Sources */,
				2C557CAF22513F3000525361 /* UIFontWeight+Title.swift in Sources */,
				2C97A1A822889DEA00FF3393 /* GradientView.swift in Sources */,
				2C49D0B3229AF96A00685B4D /* TransactionCell.swift in Sources */,
				2C37E898229C612500F7380F /* TableSection+Init.swift in Sources */,
				2C49D0BA229AFFCF00685B4D /* WalletsCellViewModel.swift in Sources */,
				2C7BB23722A43DB10085E427 /* Theme.swift in Sources */,
				2C37E895229C610800F7380F /* TableDirector+Replace.swift in Sources */,
				2C0B956C224DECA600792ADF /* String+Constants.swift in Sources */,
				2C897B6E22494866004523E3 /* BaseView.swift in Sources */,
			);
			runOnlyForDeploymentPostprocessing = 0;
		};
/* End PBXSourcesBuildPhase section */

/* Begin XCBuildConfiguration section */
		2C897B5C224941E4004523E3 /* Debug */ = {
			isa = XCBuildConfiguration;
			buildSettings = {
				ALWAYS_SEARCH_USER_PATHS = NO;
				CLANG_ANALYZER_NONNULL = YES;
				CLANG_ANALYZER_NUMBER_OBJECT_CONVERSION = YES_AGGRESSIVE;
				CLANG_CXX_LANGUAGE_STANDARD = "gnu++14";
				CLANG_CXX_LIBRARY = "libc++";
				CLANG_ENABLE_MODULES = YES;
				CLANG_ENABLE_OBJC_ARC = YES;
				CLANG_ENABLE_OBJC_WEAK = YES;
				CLANG_WARN_BLOCK_CAPTURE_AUTORELEASING = YES;
				CLANG_WARN_BOOL_CONVERSION = YES;
				CLANG_WARN_COMMA = YES;
				CLANG_WARN_CONSTANT_CONVERSION = YES;
				CLANG_WARN_DEPRECATED_OBJC_IMPLEMENTATIONS = YES;
				CLANG_WARN_DIRECT_OBJC_ISA_USAGE = YES_ERROR;
				CLANG_WARN_DOCUMENTATION_COMMENTS = YES;
				CLANG_WARN_EMPTY_BODY = YES;
				CLANG_WARN_ENUM_CONVERSION = YES;
				CLANG_WARN_INFINITE_RECURSION = YES;
				CLANG_WARN_INT_CONVERSION = YES;
				CLANG_WARN_NON_LITERAL_NULL_CONVERSION = YES;
				CLANG_WARN_OBJC_IMPLICIT_RETAIN_SELF = YES;
				CLANG_WARN_OBJC_LITERAL_CONVERSION = YES;
				CLANG_WARN_OBJC_ROOT_CLASS = YES_ERROR;
				CLANG_WARN_RANGE_LOOP_ANALYSIS = YES;
				CLANG_WARN_STRICT_PROTOTYPES = YES;
				CLANG_WARN_SUSPICIOUS_MOVE = YES;
				CLANG_WARN_UNGUARDED_AVAILABILITY = YES_AGGRESSIVE;
				CLANG_WARN_UNREACHABLE_CODE = YES;
				CLANG_WARN__DUPLICATE_METHOD_MATCH = YES;
				CODE_SIGN_IDENTITY = "iPhone Developer";
				COPY_PHASE_STRIP = NO;
				DEBUG_INFORMATION_FORMAT = dwarf;
				ENABLE_STRICT_OBJC_MSGSEND = YES;
				ENABLE_TESTABILITY = YES;
				GCC_C_LANGUAGE_STANDARD = gnu11;
				GCC_DYNAMIC_NO_PIC = NO;
				GCC_NO_COMMON_BLOCKS = YES;
				GCC_OPTIMIZATION_LEVEL = 0;
				GCC_PREPROCESSOR_DEFINITIONS = (
					"DEBUG=1",
					"$(inherited)",
				);
				GCC_WARN_64_TO_32_BIT_CONVERSION = YES;
				GCC_WARN_ABOUT_RETURN_TYPE = YES_ERROR;
				GCC_WARN_UNDECLARED_SELECTOR = YES;
				GCC_WARN_UNINITIALIZED_AUTOS = YES_AGGRESSIVE;
				GCC_WARN_UNUSED_FUNCTION = YES;
				GCC_WARN_UNUSED_VARIABLE = YES;
				IPHONEOS_DEPLOYMENT_TARGET = 12.1;
				MTL_ENABLE_DEBUG_INFO = INCLUDE_SOURCE;
				MTL_FAST_MATH = YES;
				ONLY_ACTIVE_ARCH = YES;
				SDKROOT = iphoneos;
				SWIFT_ACTIVE_COMPILATION_CONDITIONS = DEBUG;
				SWIFT_OPTIMIZATION_LEVEL = "-Onone";
			};
			name = Debug;
		};
		2C897B5D224941E4004523E3 /* Release */ = {
			isa = XCBuildConfiguration;
			buildSettings = {
				ALWAYS_SEARCH_USER_PATHS = NO;
				CLANG_ANALYZER_NONNULL = YES;
				CLANG_ANALYZER_NUMBER_OBJECT_CONVERSION = YES_AGGRESSIVE;
				CLANG_CXX_LANGUAGE_STANDARD = "gnu++14";
				CLANG_CXX_LIBRARY = "libc++";
				CLANG_ENABLE_MODULES = YES;
				CLANG_ENABLE_OBJC_ARC = YES;
				CLANG_ENABLE_OBJC_WEAK = YES;
				CLANG_WARN_BLOCK_CAPTURE_AUTORELEASING = YES;
				CLANG_WARN_BOOL_CONVERSION = YES;
				CLANG_WARN_COMMA = YES;
				CLANG_WARN_CONSTANT_CONVERSION = YES;
				CLANG_WARN_DEPRECATED_OBJC_IMPLEMENTATIONS = YES;
				CLANG_WARN_DIRECT_OBJC_ISA_USAGE = YES_ERROR;
				CLANG_WARN_DOCUMENTATION_COMMENTS = YES;
				CLANG_WARN_EMPTY_BODY = YES;
				CLANG_WARN_ENUM_CONVERSION = YES;
				CLANG_WARN_INFINITE_RECURSION = YES;
				CLANG_WARN_INT_CONVERSION = YES;
				CLANG_WARN_NON_LITERAL_NULL_CONVERSION = YES;
				CLANG_WARN_OBJC_IMPLICIT_RETAIN_SELF = YES;
				CLANG_WARN_OBJC_LITERAL_CONVERSION = YES;
				CLANG_WARN_OBJC_ROOT_CLASS = YES_ERROR;
				CLANG_WARN_RANGE_LOOP_ANALYSIS = YES;
				CLANG_WARN_STRICT_PROTOTYPES = YES;
				CLANG_WARN_SUSPICIOUS_MOVE = YES;
				CLANG_WARN_UNGUARDED_AVAILABILITY = YES_AGGRESSIVE;
				CLANG_WARN_UNREACHABLE_CODE = YES;
				CLANG_WARN__DUPLICATE_METHOD_MATCH = YES;
				CODE_SIGN_IDENTITY = "iPhone Developer";
				COPY_PHASE_STRIP = NO;
				DEBUG_INFORMATION_FORMAT = "dwarf-with-dsym";
				ENABLE_NS_ASSERTIONS = NO;
				ENABLE_STRICT_OBJC_MSGSEND = YES;
				GCC_C_LANGUAGE_STANDARD = gnu11;
				GCC_NO_COMMON_BLOCKS = YES;
				GCC_WARN_64_TO_32_BIT_CONVERSION = YES;
				GCC_WARN_ABOUT_RETURN_TYPE = YES_ERROR;
				GCC_WARN_UNDECLARED_SELECTOR = YES;
				GCC_WARN_UNINITIALIZED_AUTOS = YES_AGGRESSIVE;
				GCC_WARN_UNUSED_FUNCTION = YES;
				GCC_WARN_UNUSED_VARIABLE = YES;
				IPHONEOS_DEPLOYMENT_TARGET = 12.1;
				MTL_ENABLE_DEBUG_INFO = NO;
				MTL_FAST_MATH = YES;
				SDKROOT = iphoneos;
				SWIFT_COMPILATION_MODE = wholemodule;
				SWIFT_OPTIMIZATION_LEVEL = "-O";
				VALIDATE_PRODUCT = YES;
			};
			name = Release;
		};
		2C897B5F224941E4004523E3 /* Debug */ = {
			isa = XCBuildConfiguration;
			baseConfigurationReference = 80264DEEAA0DD898BF03E839 /* Pods-ShotOne.debug.xcconfig */;
			buildSettings = {
				ASSETCATALOG_COMPILER_APPICON_NAME = AppIcon;
				CODE_SIGN_STYLE = Automatic;
				DEVELOPMENT_TEAM = QBTL3QKA3B;
				INFOPLIST_FILE = ShotOne/Info.plist;
				LD_RUNPATH_SEARCH_PATHS = (
					"$(inherited)",
					"@executable_path/Frameworks",
				);
				PRODUCT_BUNDLE_IDENTIFIER = com.zinovyev.ShotOne;
				PRODUCT_NAME = "$(TARGET_NAME)";
				SWIFT_VERSION = 5.0;
				TARGETED_DEVICE_FAMILY = 1;
			};
			name = Debug;
		};
		2C897B60224941E4004523E3 /* Release */ = {
			isa = XCBuildConfiguration;
			baseConfigurationReference = B8FA6F807150AC601CC978CD /* Pods-ShotOne.release.xcconfig */;
			buildSettings = {
				ASSETCATALOG_COMPILER_APPICON_NAME = AppIcon;
				CODE_SIGN_STYLE = Automatic;
				DEVELOPMENT_TEAM = QBTL3QKA3B;
				INFOPLIST_FILE = ShotOne/Info.plist;
				LD_RUNPATH_SEARCH_PATHS = (
					"$(inherited)",
					"@executable_path/Frameworks",
				);
				PRODUCT_BUNDLE_IDENTIFIER = com.zinovyev.ShotOne;
				PRODUCT_NAME = "$(TARGET_NAME)";
				SWIFT_VERSION = 5.0;
				TARGETED_DEVICE_FAMILY = 1;
			};
			name = Release;
		};
/* End XCBuildConfiguration section */

/* Begin XCConfigurationList section */
		2C897B47224941E2004523E3 /* Build configuration list for PBXProject "ShotOne" */ = {
			isa = XCConfigurationList;
			buildConfigurations = (
				2C897B5C224941E4004523E3 /* Debug */,
				2C897B5D224941E4004523E3 /* Release */,
			);
			defaultConfigurationIsVisible = 0;
			defaultConfigurationName = Release;
		};
		2C897B5E224941E4004523E3 /* Build configuration list for PBXNativeTarget "ShotOne" */ = {
			isa = XCConfigurationList;
			buildConfigurations = (
				2C897B5F224941E4004523E3 /* Debug */,
				2C897B60224941E4004523E3 /* Release */,
			);
			defaultConfigurationIsVisible = 0;
			defaultConfigurationName = Release;
		};
/* End XCConfigurationList section */
	};
	rootObject = 2C897B44224941E2004523E3 /* Project object */;
}
