PODS:
  - TableKit (2.10.0)
  - Utils (0.0.12)

DEPENDENCIES:
  - TableKit
  - Utils

SPEC REPOS:
  https://github.com/iznv/Podspecs:
    - Utils
  trunk:
    - TableKit

SPEC CHECKSUMS:
  TableKit: 65645d0dd786e21dc61464da59ad770c60a07282
  Utils: 1462ba0ae584ee0f981c5adae3cd63cfae6a5b39

PODFILE CHECKSUM: 129e19c262d8667cfaf60c51e8c76975654ea8db

COCOAPODS: 1.9.1
