PODS:
  - TableKit (2.10.0)
  - Utils (0.0.12)

DEPENDENCIES:
  - TableKit
  - Utils

SPEC REPOS:
  https://github.com/iznv/Podspecs.git:
    - Utils
  trunk:
    - TableKit

SPEC CHECKSUMS:
  TableKit: 65645d0dd786e21dc61464da59ad770c60a07282
  Utils: 1462ba0ae584ee0f981c5adae3cd63cfae6a5b39

PODFILE CHECKSUM: 33ab7c7d79a236ed6d802fda50494a8fcc1fd2d6

COCOAPODS: 1.10.0
